
Microsoft Visual Studio Solution File, Format Version 12.00
# Visual Studio Version 17
VisualStudioVersion = 17.4.33403.182
MinimumVisualStudioVersion = 10.0.40219.1
Project("{2150E333-8FDC-42A3-9474-1A3956D46DE8}") = "src", "src", "{63898893-32DE-41A4-BF8F-5311F1017CB9}"
EndProject
Project("{2150E333-8FDC-42A3-9474-1A3956D46DE8}") = "tests", "tests", "{49A0830A-839B-4483-8BA8-88BD6B4EB727}"
EndProject
Project("{2150E333-8FDC-42A3-9474-1A3956D46DE8}") = "2 - Application", "2 - Application", "{B3980767-BC69-4C2E-853F-1752E1782657}"
EndProject
Project("{2150E333-8FDC-42A3-9474-1A3956D46DE8}") = "3 - Domain", "3 - Domain", "{D50FA931-7982-4C19-9B4C-D1F38CC33D21}"
EndProject
Project("{2150E333-8FDC-42A3-9474-1A3956D46DE8}") = "4 - Data", "4 - Data", "{6CC8C848-7F84-436D-A031-10E0CB88A8C2}"
EndProject
Project("{2150E333-8FDC-42A3-9474-1A3956D46DE8}") = "5 - Infrastructure", "5 - Infrastructure", "{66A16B1F-EC95-4A57-A123-825D776B9E9E}"
EndProject
Project("{2150E333-8FDC-42A3-9474-1A3956D46DE8}") = "1 - Presentation", "1 - Presentation", "{D3AE103C-A61D-4C24-AD03-950893F8F8DD}"
EndProject
Project("{9A19103F-16F7-4668-BE54-9A1E7A4F7556}") = "WOO.Data", "WOO.Data\WOO.Data.csproj", "{BBAC841A-B94B-476A-B75C-6111980B1B57}"
EndProject
Project("{9A19103F-16F7-4668-BE54-9A1E7A4F7556}") = "WOO.Data.Model", "WOO.Data.Models\WOO.Data.Model.csproj", "{C86CD60E-626E-4E50-AE1C-7D9D619A84EE}"
EndProject
Project("{9A19103F-16F7-4668-BE54-9A1E7A4F7556}") = "WOO.Infrastructure.Crosscutting", "WOO.Infrastructure.Crosscutting\WOO.Infrastructure.Crosscutting.csproj", "{3A5D6C7F-5F36-4773-B2D5-B055BB0F9839}"
EndProject
Project("{9A19103F-16F7-4668-BE54-9A1E7A4F7556}") = "WOO.Application.Service", "WOO.Application.Service\WOO.Application.Service.csproj", "{7D6E7F6A-704A-4B39-8F3A-9B0E372ED62F}"
EndProject
Project("{9A19103F-16F7-4668-BE54-9A1E7A4F7556}") = "WOO.API", "WOO.API\WOO.API.csproj", "{75D3AACE-7C84-4653-A8E0-B1FEEC6BC828}"
EndProject
Project("{FAE04EC0-301F-11D3-BF4B-00C04F79EFBC}") = "WOO.Domain.Model", "WOO.Domain.Model\WOO.Domain.Model.csproj", "{097441D6-033F-4FE9-B729-282CD6850965}"
EndProject
Project("{FAE04EC0-301F-11D3-BF4B-00C04F79EFBC}") = "WOO.Infrastructure.Bootstrap", "WOO.Infrastructure.Bootstrap\WOO.Infrastructure.Bootstrap.csproj", "{0036D78F-0DF2-4C79-AA63-2342FEA17A58}"
EndProject
Project("{2150E333-8FDC-42A3-9474-1A3956D46DE8}") = "Solution Items", "Solution Items", "{8F534E4B-52CF-4B5F-A73D-7D1CA937609E}"
	ProjectSection(SolutionItems) = preProject
		..\README.md = ..\README.md
	EndProjectSection
EndProject
Global
	GlobalSection(SolutionConfigurationPlatforms) = preSolution
		Debug|Any CPU = Debug|Any CPU
		Release|Any CPU = Release|Any CPU
	EndGlobalSection
	GlobalSection(ProjectConfigurationPlatforms) = postSolution
		{BBAC841A-B94B-476A-B75C-6111980B1B57}.Debug|Any CPU.ActiveCfg = Debug|Any CPU
		{BBAC841A-B94B-476A-B75C-6111980B1B57}.Debug|Any CPU.Build.0 = Debug|Any CPU
		{BBAC841A-B94B-476A-B75C-6111980B1B57}.Release|Any CPU.ActiveCfg = Release|Any CPU
		{BBAC841A-B94B-476A-B75C-6111980B1B57}.Release|Any CPU.Build.0 = Release|Any CPU
		{C86CD60E-626E-4E50-AE1C-7D9D619A84EE}.Debug|Any CPU.ActiveCfg = Debug|Any CPU
		{C86CD60E-626E-4E50-AE1C-7D9D619A84EE}.Debug|Any CPU.Build.0 = Debug|Any CPU
		{C86CD60E-626E-4E50-AE1C-7D9D619A84EE}.Release|Any CPU.ActiveCfg = Release|Any CPU
		{C86CD60E-626E-4E50-AE1C-7D9D619A84EE}.Release|Any CPU.Build.0 = Release|Any CPU
		{3A5D6C7F-5F36-4773-B2D5-B055BB0F9839}.Debug|Any CPU.ActiveCfg = Debug|Any CPU
		{3A5D6C7F-5F36-4773-B2D5-B055BB0F9839}.Debug|Any CPU.Build.0 = Debug|Any CPU
		{3A5D6C7F-5F36-4773-B2D5-B055BB0F9839}.Release|Any CPU.ActiveCfg = Release|Any CPU
		{3A5D6C7F-5F36-4773-B2D5-B055BB0F9839}.Release|Any CPU.Build.0 = Release|Any CPU
		{7D6E7F6A-704A-4B39-8F3A-9B0E372ED62F}.Debug|Any CPU.ActiveCfg = Debug|Any CPU
		{7D6E7F6A-704A-4B39-8F3A-9B0E372ED62F}.Debug|Any CPU.Build.0 = Debug|Any CPU
		{7D6E7F6A-704A-4B39-8F3A-9B0E372ED62F}.Release|Any CPU.ActiveCfg = Release|Any CPU
		{7D6E7F6A-704A-4B39-8F3A-9B0E372ED62F}.Release|Any CPU.Build.0 = Release|Any CPU
		{75D3AACE-7C84-4653-A8E0-B1FEEC6BC828}.Debug|Any CPU.ActiveCfg = Debug|Any CPU
		{75D3AACE-7C84-4653-A8E0-B1FEEC6BC828}.Debug|Any CPU.Build.0 = Debug|Any CPU
		{75D3AACE-7C84-4653-A8E0-B1FEEC6BC828}.Release|Any CPU.ActiveCfg = Release|Any CPU
		{75D3AACE-7C84-4653-A8E0-B1FEEC6BC828}.Release|Any CPU.Build.0 = Release|Any CPU
		{097441D6-033F-4FE9-B729-282CD6850965}.Debug|Any CPU.ActiveCfg = Debug|Any CPU
		{097441D6-033F-4FE9-B729-282CD6850965}.Debug|Any CPU.Build.0 = Debug|Any CPU
		{097441D6-033F-4FE9-B729-282CD6850965}.Release|Any CPU.ActiveCfg = Release|Any CPU
		{097441D6-033F-4FE9-B729-282CD6850965}.Release|Any CPU.Build.0 = Release|Any CPU
		{0036D78F-0DF2-4C79-AA63-2342FEA17A58}.Debug|Any CPU.ActiveCfg = Debug|Any CPU
		{0036D78F-0DF2-4C79-AA63-2342FEA17A58}.Debug|Any CPU.Build.0 = Debug|Any CPU
		{0036D78F-0DF2-4C79-AA63-2342FEA17A58}.Release|Any CPU.ActiveCfg = Release|Any CPU
		{0036D78F-0DF2-4C79-AA63-2342FEA17A58}.Release|Any CPU.Build.0 = Release|Any CPU
	EndGlobalSection
	GlobalSection(SolutionProperties) = preSolution
		HideSolutionNode = FALSE
	EndGlobalSection
	GlobalSection(NestedProjects) = preSolution
		{B3980767-BC69-4C2E-853F-1752E1782657} = {63898893-32DE-41A4-BF8F-5311F1017CB9}
		{D50FA931-7982-4C19-9B4C-D1F38CC33D21} = {63898893-32DE-41A4-BF8F-5311F1017CB9}
		{6CC8C848-7F84-436D-A031-10E0CB88A8C2} = {63898893-32DE-41A4-BF8F-5311F1017CB9}
		{66A16B1F-EC95-4A57-A123-825D776B9E9E} = {63898893-32DE-41A4-BF8F-5311F1017CB9}
		{D3AE103C-A61D-4C24-AD03-950893F8F8DD} = {63898893-32DE-41A4-BF8F-5311F1017CB9}
		{BBAC841A-B94B-476A-B75C-6111980B1B57} = {6CC8C848-7F84-436D-A031-10E0CB88A8C2}
		{C86CD60E-626E-4E50-AE1C-7D9D619A84EE} = {6CC8C848-7F84-436D-A031-10E0CB88A8C2}
		{3A5D6C7F-5F36-4773-B2D5-B055BB0F9839} = {66A16B1F-EC95-4A57-A123-825D776B9E9E}
		{7D6E7F6A-704A-4B39-8F3A-9B0E372ED62F} = {B3980767-BC69-4C2E-853F-1752E1782657}
		{75D3AACE-7C84-4653-A8E0-B1FEEC6BC828} = {D3AE103C-A61D-4C24-AD03-950893F8F8DD}
		{097441D6-033F-4FE9-B729-282CD6850965} = {D50FA931-7982-4C19-9B4C-D1F38CC33D21}
		{0036D78F-0DF2-4C79-AA63-2342FEA17A58} = {66A16B1F-EC95-4A57-A123-825D776B9E9E}
	EndGlobalSection
	GlobalSection(ExtensibilityGlobals) = postSolution
		SolutionGuid = {21D4584D-EE60-4A64-99EE-4C3F92F84D0D}
	EndGlobalSection
EndGlobal
